
Microsoft Visual Studio Solution File, Format Version 12.00
# Visual Studio Version 16
VisualStudioVersion = 16.0.30611.23
MinimumVisualStudioVersion = 10.0.40219.1
Project("{FAE04EC0-301F-11D3-BF4B-00C04F79EFBC}") = "SudokuApp.UWP", "SudokuApp\SudokuApp.UWP\SudokuApp.UWP.csproj", "{3AD9A48C-BDBF-4D02-A505-71DFCFF713B0}"
EndProject
Project("{FAE04EC0-301F-11D3-BF4B-00C04F79EFBC}") = "SudokuApp.Android", "SudokuApp\SudokuApp.Android\SudokuApp.Android.csproj", "{195546A3-8413-4206-9CAC-02A4B786B921}"
EndProject
Project("{FAE04EC0-301F-11D3-BF4B-00C04F79EFBC}") = "SudokuApp.iOS", "SudokuApp\SudokuApp.iOS\SudokuApp.iOS.csproj", "{CCAA64F3-D1DB-4070-9005-270C12F66757}"
EndProject
Project("{9A19103F-16F7-4668-BE54-9A1E7A4F7556}") = "SudokuApp", "SudokuApp\SudokuApp\SudokuApp.csproj", "{604E0860-1E4C-427B-B039-048752874841}"
EndProject
Project("{2150E333-8FDC-42A3-9474-1A3956D46DE8}") = "Solution Items", "Solution Items", "{FD6A967B-F1E5-42E3-BA27-32A0F8E67C24}"
	ProjectSection(SolutionItems) = preProject
		LICENSE = LICENSE
		README.md = README.md
	EndProjectSection
EndProject
Project("{8BC9CEB8-8B4A-11D0-8D11-00A0C91BC942}") = "OpenCVBridge", "OpenCVBridge\OpenCVBridge.vcxproj", "{B14B2F7C-9E3E-4A89-926F-5328EA77E8F9}"
EndProject
Global
	GlobalSection(SolutionConfigurationPlatforms) = preSolution
		Debug|Any CPU = Debug|Any CPU
		Debug|ARM = Debug|ARM
		Debug|ARM64 = Debug|ARM64
		Debug|iPhone = Debug|iPhone
		Debug|iPhoneSimulator = Debug|iPhoneSimulator
		Debug|x64 = Debug|x64
		Debug|x86 = Debug|x86
		Release|Any CPU = Release|Any CPU
		Release|ARM = Release|ARM
		Release|ARM64 = Release|ARM64
		Release|iPhone = Release|iPhone
		Release|iPhoneSimulator = Release|iPhoneSimulator
		Release|x64 = Release|x64
		Release|x86 = Release|x86
	EndGlobalSection
	GlobalSection(ProjectConfigurationPlatforms) = postSolution
		{3AD9A48C-BDBF-4D02-A505-71DFCFF713B0}.Debug|Any CPU.ActiveCfg = Debug|x86
		{3AD9A48C-BDBF-4D02-A505-71DFCFF713B0}.Debug|Any CPU.Build.0 = Debug|x86
		{3AD9A48C-BDBF-4D02-A505-71DFCFF713B0}.Debug|Any CPU.Deploy.0 = Debug|x86
		{3AD9A48C-BDBF-4D02-A505-71DFCFF713B0}.Debug|ARM.ActiveCfg = Debug|ARM
		{3AD9A48C-BDBF-4D02-A505-71DFCFF713B0}.Debug|ARM.Build.0 = Debug|ARM
		{3AD9A48C-BDBF-4D02-A505-71DFCFF713B0}.Debug|ARM.Deploy.0 = Debug|ARM
		{3AD9A48C-BDBF-4D02-A505-71DFCFF713B0}.Debug|ARM64.ActiveCfg = Debug|x86
		{3AD9A48C-BDBF-4D02-A505-71DFCFF713B0}.Debug|iPhone.ActiveCfg = Debug|x86
		{3AD9A48C-BDBF-4D02-A505-71DFCFF713B0}.Debug|iPhone.Build.0 = Debug|x86
		{3AD9A48C-BDBF-4D02-A505-71DFCFF713B0}.Debug|iPhone.Deploy.0 = Debug|x86
		{3AD9A48C-BDBF-4D02-A505-71DFCFF713B0}.Debug|iPhoneSimulator.ActiveCfg = Debug|x86
		{3AD9A48C-BDBF-4D02-A505-71DFCFF713B0}.Debug|iPhoneSimulator.Build.0 = Debug|x86
		{3AD9A48C-BDBF-4D02-A505-71DFCFF713B0}.Debug|iPhoneSimulator.Deploy.0 = Debug|x86
		{3AD9A48C-BDBF-4D02-A505-71DFCFF713B0}.Debug|x64.ActiveCfg = Debug|x64
		{3AD9A48C-BDBF-4D02-A505-71DFCFF713B0}.Debug|x64.Build.0 = Debug|x64
		{3AD9A48C-BDBF-4D02-A505-71DFCFF713B0}.Debug|x64.Deploy.0 = Debug|x64
		{3AD9A48C-BDBF-4D02-A505-71DFCFF713B0}.Debug|x86.ActiveCfg = Debug|x86
		{3AD9A48C-BDBF-4D02-A505-71DFCFF713B0}.Debug|x86.Build.0 = Debug|x86
		{3AD9A48C-BDBF-4D02-A505-71DFCFF713B0}.Debug|x86.Deploy.0 = Debug|x86
		{3AD9A48C-BDBF-4D02-A505-71DFCFF713B0}.Release|Any CPU.ActiveCfg = Release|x86
		{3AD9A48C-BDBF-4D02-A505-71DFCFF713B0}.Release|Any CPU.Build.0 = Release|x86
		{3AD9A48C-BDBF-4D02-A505-71DFCFF713B0}.Release|Any CPU.Deploy.0 = Release|x86
		{3AD9A48C-BDBF-4D02-A505-71DFCFF713B0}.Release|ARM.ActiveCfg = Release|ARM
		{3AD9A48C-BDBF-4D02-A505-71DFCFF713B0}.Release|ARM.Build.0 = Release|ARM
		{3AD9A48C-BDBF-4D02-A505-71DFCFF713B0}.Release|ARM.Deploy.0 = Release|ARM
		{3AD9A48C-BDBF-4D02-A505-71DFCFF713B0}.Release|ARM64.ActiveCfg = Release|x86
		{3AD9A48C-BDBF-4D02-A505-71DFCFF713B0}.Release|iPhone.ActiveCfg = Release|x86
		{3AD9A48C-BDBF-4D02-A505-71DFCFF713B0}.Release|iPhone.Build.0 = Release|x86
		{3AD9A48C-BDBF-4D02-A505-71DFCFF713B0}.Release|iPhone.Deploy.0 = Release|x86
		{3AD9A48C-BDBF-4D02-A505-71DFCFF713B0}.Release|iPhoneSimulator.ActiveCfg = Release|x86
		{3AD9A48C-BDBF-4D02-A505-71DFCFF713B0}.Release|iPhoneSimulator.Build.0 = Release|x86
		{3AD9A48C-BDBF-4D02-A505-71DFCFF713B0}.Release|iPhoneSimulator.Deploy.0 = Release|x86
		{3AD9A48C-BDBF-4D02-A505-71DFCFF713B0}.Release|x64.ActiveCfg = Release|x64
		{3AD9A48C-BDBF-4D02-A505-71DFCFF713B0}.Release|x64.Build.0 = Release|x64
		{3AD9A48C-BDBF-4D02-A505-71DFCFF713B0}.Release|x64.Deploy.0 = Release|x64
		{3AD9A48C-BDBF-4D02-A505-71DFCFF713B0}.Release|x86.ActiveCfg = Release|x86
		{3AD9A48C-BDBF-4D02-A505-71DFCFF713B0}.Release|x86.Build.0 = Release|x86
		{3AD9A48C-BDBF-4D02-A505-71DFCFF713B0}.Release|x86.Deploy.0 = Release|x86
		{195546A3-8413-4206-9CAC-02A4B786B921}.Debug|Any CPU.ActiveCfg = Debug|Any CPU
		{195546A3-8413-4206-9CAC-02A4B786B921}.Debug|Any CPU.Deploy.0 = Debug|Any CPU
		{195546A3-8413-4206-9CAC-02A4B786B921}.Debug|ARM.ActiveCfg = Debug|Any CPU
		{195546A3-8413-4206-9CAC-02A4B786B921}.Debug|ARM.Build.0 = Debug|Any CPU
		{195546A3-8413-4206-9CAC-02A4B786B921}.Debug|ARM.Deploy.0 = Debug|Any CPU
		{195546A3-8413-4206-9CAC-02A4B786B921}.Debug|ARM64.ActiveCfg = Debug|Any CPU
		{195546A3-8413-4206-9CAC-02A4B786B921}.Debug|ARM64.Build.0 = Debug|Any CPU
		{195546A3-8413-4206-9CAC-02A4B786B921}.Debug|ARM64.Deploy.0 = Debug|Any CPU
		{195546A3-8413-4206-9CAC-02A4B786B921}.Debug|iPhone.ActiveCfg = Debug|Any CPU
		{195546A3-8413-4206-9CAC-02A4B786B921}.Debug|iPhone.Build.0 = Debug|Any CPU
		{195546A3-8413-4206-9CAC-02A4B786B921}.Debug|iPhone.Deploy.0 = Debug|Any CPU
		{195546A3-8413-4206-9CAC-02A4B786B921}.Debug|iPhoneSimulator.ActiveCfg = Debug|Any CPU
		{195546A3-8413-4206-9CAC-02A4B786B921}.Debug|iPhoneSimulator.Build.0 = Debug|Any CPU
		{195546A3-8413-4206-9CAC-02A4B786B921}.Debug|iPhoneSimulator.Deploy.0 = Debug|Any CPU
		{195546A3-8413-4206-9CAC-02A4B786B921}.Debug|x64.ActiveCfg = Debug|Any CPU
		{195546A3-8413-4206-9CAC-02A4B786B921}.Debug|x64.Build.0 = Debug|Any CPU
		{195546A3-8413-4206-9CAC-02A4B786B921}.Debug|x64.Deploy.0 = Debug|Any CPU
		{195546A3-8413-4206-9CAC-02A4B786B921}.Debug|x86.ActiveCfg = Debug|Any CPU
		{195546A3-8413-4206-9CAC-02A4B786B921}.Debug|x86.Build.0 = Debug|Any CPU
		{195546A3-8413-4206-9CAC-02A4B786B921}.Debug|x86.Deploy.0 = Debug|Any CPU
		{195546A3-8413-4206-9CAC-02A4B786B921}.Release|Any CPU.ActiveCfg = Release|Any CPU
		{195546A3-8413-4206-9CAC-02A4B786B921}.Release|Any CPU.Deploy.0 = Release|Any CPU
		{195546A3-8413-4206-9CAC-02A4B786B921}.Release|ARM.ActiveCfg = Release|Any CPU
		{195546A3-8413-4206-9CAC-02A4B786B921}.Release|ARM.Build.0 = Release|Any CPU
		{195546A3-8413-4206-9CAC-02A4B786B921}.Release|ARM.Deploy.0 = Release|Any CPU
		{195546A3-8413-4206-9CAC-02A4B786B921}.Release|ARM64.ActiveCfg = Release|Any CPU
		{195546A3-8413-4206-9CAC-02A4B786B921}.Release|ARM64.Build.0 = Release|Any CPU
		{195546A3-8413-4206-9CAC-02A4B786B921}.Release|ARM64.Deploy.0 = Release|Any CPU
		{195546A3-8413-4206-9CAC-02A4B786B921}.Release|iPhone.ActiveCfg = Release|Any CPU
		{195546A3-8413-4206-9CAC-02A4B786B921}.Release|iPhone.Build.0 = Release|Any CPU
		{195546A3-8413-4206-9CAC-02A4B786B921}.Release|iPhone.Deploy.0 = Release|Any CPU
		{195546A3-8413-4206-9CAC-02A4B786B921}.Release|iPhoneSimulator.ActiveCfg = Release|Any CPU
		{195546A3-8413-4206-9CAC-02A4B786B921}.Release|iPhoneSimulator.Build.0 = Release|Any CPU
		{195546A3-8413-4206-9CAC-02A4B786B921}.Release|iPhoneSimulator.Deploy.0 = Release|Any CPU
		{195546A3-8413-4206-9CAC-02A4B786B921}.Release|x64.ActiveCfg = Release|Any CPU
		{195546A3-8413-4206-9CAC-02A4B786B921}.Release|x64.Build.0 = Release|Any CPU
		{195546A3-8413-4206-9CAC-02A4B786B921}.Release|x64.Deploy.0 = Release|Any CPU
		{195546A3-8413-4206-9CAC-02A4B786B921}.Release|x86.ActiveCfg = Release|Any CPU
		{195546A3-8413-4206-9CAC-02A4B786B921}.Release|x86.Build.0 = Release|Any CPU
		{195546A3-8413-4206-9CAC-02A4B786B921}.Release|x86.Deploy.0 = Release|Any CPU
		{CCAA64F3-D1DB-4070-9005-270C12F66757}.Debug|Any CPU.ActiveCfg = Debug|iPhoneSimulator
		{CCAA64F3-D1DB-4070-9005-270C12F66757}.Debug|Any CPU.Deploy.0 = Debug|iPhoneSimulator
		{CCAA64F3-D1DB-4070-9005-270C12F66757}.Debug|ARM.ActiveCfg = Debug|iPhone
		{CCAA64F3-D1DB-4070-9005-270C12F66757}.Debug|ARM.Build.0 = Debug|iPhone
		{CCAA64F3-D1DB-4070-9005-270C12F66757}.Debug|ARM.Deploy.0 = Debug|iPhone
		{CCAA64F3-D1DB-4070-9005-270C12F66757}.Debug|ARM64.ActiveCfg = Debug|iPhone
		{CCAA64F3-D1DB-4070-9005-270C12F66757}.Debug|iPhone.ActiveCfg = Debug|iPhone
		{CCAA64F3-D1DB-4070-9005-270C12F66757}.Debug|iPhone.Build.0 = Debug|iPhone
		{CCAA64F3-D1DB-4070-9005-270C12F66757}.Debug|iPhone.Deploy.0 = Debug|iPhone
		{CCAA64F3-D1DB-4070-9005-270C12F66757}.Debug|iPhoneSimulator.ActiveCfg = Debug|iPhoneSimulator
		{CCAA64F3-D1DB-4070-9005-270C12F66757}.Debug|iPhoneSimulator.Build.0 = Debug|iPhoneSimulator
		{CCAA64F3-D1DB-4070-9005-270C12F66757}.Debug|iPhoneSimulator.Deploy.0 = Debug|iPhoneSimulator
		{CCAA64F3-D1DB-4070-9005-270C12F66757}.Debug|x64.ActiveCfg = Debug|iPhoneSimulator
		{CCAA64F3-D1DB-4070-9005-270C12F66757}.Debug|x64.Build.0 = Debug|iPhoneSimulator
		{CCAA64F3-D1DB-4070-9005-270C12F66757}.Debug|x64.Deploy.0 = Debug|iPhoneSimulator
		{CCAA64F3-D1DB-4070-9005-270C12F66757}.Debug|x86.ActiveCfg = Debug|iPhoneSimulator
		{CCAA64F3-D1DB-4070-9005-270C12F66757}.Debug|x86.Build.0 = Debug|iPhoneSimulator
		{CCAA64F3-D1DB-4070-9005-270C12F66757}.Debug|x86.Deploy.0 = Debug|iPhoneSimulator
		{CCAA64F3-D1DB-4070-9005-270C12F66757}.Release|Any CPU.ActiveCfg = Release|iPhoneSimulator
		{CCAA64F3-D1DB-4070-9005-270C12F66757}.Release|Any CPU.Deploy.0 = Release|iPhoneSimulator
		{CCAA64F3-D1DB-4070-9005-270C12F66757}.Release|ARM.ActiveCfg = Release|iPhoneSimulator
		{CCAA64F3-D1DB-4070-9005-270C12F66757}.Release|ARM.Build.0 = Release|iPhoneSimulator
		{CCAA64F3-D1DB-4070-9005-270C12F66757}.Release|ARM.Deploy.0 = Release|iPhoneSimulator
		{CCAA64F3-D1DB-4070-9005-270C12F66757}.Release|ARM64.ActiveCfg = Release|iPhone
		{CCAA64F3-D1DB-4070-9005-270C12F66757}.Release|iPhone.ActiveCfg = Release|iPhone
		{CCAA64F3-D1DB-4070-9005-270C12F66757}.Release|iPhone.Build.0 = Release|iPhone
		{CCAA64F3-D1DB-4070-9005-270C12F66757}.Release|iPhone.Deploy.0 = Release|iPhone
		{CCAA64F3-D1DB-4070-9005-270C12F66757}.Release|iPhoneSimulator.ActiveCfg = Release|iPhoneSimulator
		{CCAA64F3-D1DB-4070-9005-270C12F66757}.Release|iPhoneSimulator.Build.0 = Release|iPhoneSimulator
		{CCAA64F3-D1DB-4070-9005-270C12F66757}.Release|iPhoneSimulator.Deploy.0 = Release|iPhoneSimulator
		{CCAA64F3-D1DB-4070-9005-270C12F66757}.Release|x64.ActiveCfg = Release|iPhoneSimulator
		{CCAA64F3-D1DB-4070-9005-270C12F66757}.Release|x64.Build.0 = Release|iPhoneSimulator
		{CCAA64F3-D1DB-4070-9005-270C12F66757}.Release|x64.Deploy.0 = Release|iPhoneSimulator
		{CCAA64F3-D1DB-4070-9005-270C12F66757}.Release|x86.ActiveCfg = Release|iPhoneSimulator
		{CCAA64F3-D1DB-4070-9005-270C12F66757}.Release|x86.Build.0 = Release|iPhoneSimulator
		{CCAA64F3-D1DB-4070-9005-270C12F66757}.Release|x86.Deploy.0 = Release|iPhoneSimulator
		{604E0860-1E4C-427B-B039-048752874841}.Debug|Any CPU.ActiveCfg = Debug|Any CPU
		{604E0860-1E4C-427B-B039-048752874841}.Debug|Any CPU.Build.0 = Debug|Any CPU
		{604E0860-1E4C-427B-B039-048752874841}.Debug|Any CPU.Deploy.0 = Debug|Any CPU
		{604E0860-1E4C-427B-B039-048752874841}.Debug|ARM.ActiveCfg = Debug|Any CPU
		{604E0860-1E4C-427B-B039-048752874841}.Debug|ARM.Build.0 = Debug|Any CPU
		{604E0860-1E4C-427B-B039-048752874841}.Debug|ARM.Deploy.0 = Debug|Any CPU
		{604E0860-1E4C-427B-B039-048752874841}.Debug|ARM64.ActiveCfg = Debug|Any CPU
		{604E0860-1E4C-427B-B039-048752874841}.Debug|ARM64.Build.0 = Debug|Any CPU
		{604E0860-1E4C-427B-B039-048752874841}.Debug|iPhone.ActiveCfg = Debug|Any CPU
		{604E0860-1E4C-427B-B039-048752874841}.Debug|iPhone.Build.0 = Debug|Any CPU
		{604E0860-1E4C-427B-B039-048752874841}.Debug|iPhone.Deploy.0 = Debug|Any CPU
		{604E0860-1E4C-427B-B039-048752874841}.Debug|iPhoneSimulator.ActiveCfg = Debug|Any CPU
		{604E0860-1E4C-427B-B039-048752874841}.Debug|iPhoneSimulator.Build.0 = Debug|Any CPU
		{604E0860-1E4C-427B-B039-048752874841}.Debug|iPhoneSimulator.Deploy.0 = Debug|Any CPU
		{604E0860-1E4C-427B-B039-048752874841}.Debug|x64.ActiveCfg = Debug|Any CPU
		{604E0860-1E4C-427B-B039-048752874841}.Debug|x64.Build.0 = Debug|Any CPU
		{604E0860-1E4C-427B-B039-048752874841}.Debug|x64.Deploy.0 = Debug|Any CPU
		{604E0860-1E4C-427B-B039-048752874841}.Debug|x86.ActiveCfg = Debug|Any CPU
		{604E0860-1E4C-427B-B039-048752874841}.Debug|x86.Build.0 = Debug|Any CPU
		{604E0860-1E4C-427B-B039-048752874841}.Debug|x86.Deploy.0 = Debug|Any CPU
		{604E0860-1E4C-427B-B039-048752874841}.Release|Any CPU.ActiveCfg = Release|Any CPU
		{604E0860-1E4C-427B-B039-048752874841}.Release|Any CPU.Build.0 = Release|Any CPU
		{604E0860-1E4C-427B-B039-048752874841}.Release|Any CPU.Deploy.0 = Release|Any CPU
		{604E0860-1E4C-427B-B039-048752874841}.Release|ARM.ActiveCfg = Release|Any CPU
		{604E0860-1E4C-427B-B039-048752874841}.Release|ARM.Build.0 = Release|Any CPU
		{604E0860-1E4C-427B-B039-048752874841}.Release|ARM.Deploy.0 = Release|Any CPU
		{604E0860-1E4C-427B-B039-048752874841}.Release|ARM64.ActiveCfg = Release|Any CPU
		{604E0860-1E4C-427B-B039-048752874841}.Release|ARM64.Build.0 = Release|Any CPU
		{604E0860-1E4C-427B-B039-048752874841}.Release|iPhone.ActiveCfg = Release|Any CPU
		{604E0860-1E4C-427B-B039-048752874841}.Release|iPhone.Build.0 = Release|Any CPU
		{604E0860-1E4C-427B-B039-048752874841}.Release|iPhone.Deploy.0 = Release|Any CPU
		{604E0860-1E4C-427B-B039-048752874841}.Release|iPhoneSimulator.ActiveCfg = Release|Any CPU
		{604E0860-1E4C-427B-B039-048752874841}.Release|iPhoneSimulator.Build.0 = Release|Any CPU
		{604E0860-1E4C-427B-B039-048752874841}.Release|iPhoneSimulator.Deploy.0 = Release|Any CPU
		{604E0860-1E4C-427B-B039-048752874841}.Release|x64.ActiveCfg = Release|Any CPU
		{604E0860-1E4C-427B-B039-048752874841}.Release|x64.Build.0 = Release|Any CPU
		{604E0860-1E4C-427B-B039-048752874841}.Release|x64.Deploy.0 = Release|Any CPU
		{604E0860-1E4C-427B-B039-048752874841}.Release|x86.ActiveCfg = Release|Any CPU
		{604E0860-1E4C-427B-B039-048752874841}.Release|x86.Build.0 = Release|Any CPU
		{604E0860-1E4C-427B-B039-048752874841}.Release|x86.Deploy.0 = Release|Any CPU
		{B14B2F7C-9E3E-4A89-926F-5328EA77E8F9}.Debug|Any CPU.ActiveCfg = Debug|Win32
		{B14B2F7C-9E3E-4A89-926F-5328EA77E8F9}.Debug|ARM.ActiveCfg = Debug|ARM
		{B14B2F7C-9E3E-4A89-926F-5328EA77E8F9}.Debug|ARM.Build.0 = Debug|ARM
		{B14B2F7C-9E3E-4A89-926F-5328EA77E8F9}.Debug|ARM64.ActiveCfg = Debug|ARM64
		{B14B2F7C-9E3E-4A89-926F-5328EA77E8F9}.Debug|ARM64.Build.0 = Debug|ARM64
		{B14B2F7C-9E3E-4A89-926F-5328EA77E8F9}.Debug|iPhone.ActiveCfg = Debug|Win32
		{B14B2F7C-9E3E-4A89-926F-5328EA77E8F9}.Debug|iPhoneSimulator.ActiveCfg = Debug|Win32
		{B14B2F7C-9E3E-4A89-926F-5328EA77E8F9}.Debug|x64.ActiveCfg = Debug|x64
		{B14B2F7C-9E3E-4A89-926F-5328EA77E8F9}.Debug|x64.Build.0 = Debug|x64
		{B14B2F7C-9E3E-4A89-926F-5328EA77E8F9}.Debug|x86.ActiveCfg = Debug|Win32
		{B14B2F7C-9E3E-4A89-926F-5328EA77E8F9}.Debug|x86.Build.0 = Debug|Win32
		{B14B2F7C-9E3E-4A89-926F-5328EA77E8F9}.Release|Any CPU.ActiveCfg = Release|Win32
		{B14B2F7C-9E3E-4A89-926F-5328EA77E8F9}.Release|ARM.ActiveCfg = Release|ARM
		{B14B2F7C-9E3E-4A89-926F-5328EA77E8F9}.Release|ARM.Build.0 = Release|ARM
		{B14B2F7C-9E3E-4A89-926F-5328EA77E8F9}.Release|ARM64.ActiveCfg = Release|ARM64
		{B14B2F7C-9E3E-4A89-926F-5328EA77E8F9}.Release|ARM64.Build.0 = Release|ARM64
		{B14B2F7C-9E3E-4A89-926F-5328EA77E8F9}.Release|iPhone.ActiveCfg = Release|Win32
		{B14B2F7C-9E3E-4A89-926F-5328EA77E8F9}.Release|iPhoneSimulator.ActiveCfg = Release|Win32
		{B14B2F7C-9E3E-4A89-926F-5328EA77E8F9}.Release|x64.ActiveCfg = Release|x64
		{B14B2F7C-9E3E-4A89-926F-5328EA77E8F9}.Release|x64.Build.0 = Release|x64
		{B14B2F7C-9E3E-4A89-926F-5328EA77E8F9}.Release|x86.ActiveCfg = Release|Win32
		{B14B2F7C-9E3E-4A89-926F-5328EA77E8F9}.Release|x86.Build.0 = Release|Win32
	EndGlobalSection
	GlobalSection(SolutionProperties) = preSolution
		HideSolutionNode = FALSE
	EndGlobalSection
	GlobalSection(ExtensibilityGlobals) = postSolution
		SolutionGuid = {6F11832B-4AF2-459D-8AB3-BFDD4C31BBEF}
	EndGlobalSection
EndGlobal
